hash: 18316c60d60a5cad814645f54602567f4e62fcf91e6882be9f59c244ff2c8f47
updated: 2018-10-17T17:47:04.859474+03:00
imports:
- name: github.com/asaskevich/govalidator
  version: f9ffefc3facfbe0caee3fea233cbb6e8208f4541
- name: github.com/beorn7/perks
  version: 3a771d992973f24aa725d07868b467d1ddfceafb
  subpackages:
  - quantile
- name: github.com/cenkalti/backoff
  version: 62661b46c4093e2c1f38d943e663db1a29873e80
- name: github.com/davecgh/go-spew
  version: d8f796af33cc11cb798c1aaeb27a4ebc5099927d
  subpackages:
  - spew
- name: github.com/fsnotify/fsnotify
  version: ccc981bf80385c528a65fbfdd49bf2d8da22aa23
- name: github.com/globalsign/mgo
  version: eeefdecb41b842af6dc652aaea4026e8403e62df
  subpackages:
  - bson
  - internal/json
- name: github.com/go-openapi/analysis
  version: c701774f4e604d952e4e8c56dee260be696e33c3
  subpackages:
  - internal
- name: github.com/go-openapi/errors
  version: d9664f9fab8994271e573ed69cf2adfc09b7a800
- name: github.com/go-openapi/jsonpointer
  version: ef5f0afec364d3b9396b7b77b43dbe26bf1f8004
- name: github.com/go-openapi/jsonreference
  version: 8483a886a90412cd6858df4ea3483dce9c8e35a3
- name: github.com/go-openapi/loads
  version: 150d36912387ec2f607be674c5be309ddccc0eed
- name: github.com/go-openapi/runtime
  version: 231d7876b7019dbcbfc97a7ba764379497b67c1d
  subpackages:
  - client
  - logger
  - middleware
  - middleware/denco
  - middleware/header
  - middleware/untyped
  - security
- name: github.com/go-openapi/spec
  version: 5bae59e25b21498baea7f9d46e9c147ec106a42e
- name: github.com/go-openapi/strfmt
  version: 35fe47352985e13cc75f13120d70d26fd764ed51
- name: github.com/go-openapi/swag
  version: 5899d5c5e619fda5fa86e14795a835f473ca284c
- name: github.com/go-openapi/validate
  version: d2eab7d93009e9215fc85b2faa2c2f2a98c2af48
- name: github.com/go-ozzo/ozzo-validation
  version: 106681dbb37bfa3e7683c4c8129cb7f5925ea3e9
  subpackages:
  - is
- name: github.com/go-test/deep
  version: 57af0be209c537ba1d9c2a4b285ab7aea0897e51
- name: github.com/golang/protobuf
  version: ddf22928ea3c56eb4292a0adbbf5001b1e8e7d0d
  subpackages:
  - jsonpb
  - proto
  - protoc-gen-go/descriptor
  - ptypes
  - ptypes/any
  - ptypes/duration
  - ptypes/struct
  - ptypes/timestamp
- name: github.com/grpc-ecosystem/go-grpc-prometheus
  version: 93bf4626fba73b751b0f3cdf2649be4ce0c420cd
- name: github.com/grpc-ecosystem/grpc-gateway
  version: 1771d343101c454e385245932874d7b5b078819d
  subpackages:
  - runtime
  - runtime/internal
  - utilities
- name: github.com/hashicorp/hcl
  version: 65a6292f0157eff210d03ed1bf6c59b190b8b906
  subpackages:
  - hcl/ast
  - hcl/parser
  - hcl/printer
  - hcl/scanner
  - hcl/strconv
  - hcl/token
  - json/parser
  - json/scanner
  - json/token
- name: github.com/hpcloud/tail
  version: a1dbeea552b7c8df4b542c66073e393de198a800
  subpackages:
  - ratelimiter
  - util
  - watch
  - winfile
- name: github.com/jinzhu/gorm
  version: 742154be9a26e849f02d296073c077e0a7c23828
  subpackages:
  - dialects/postgres
  - dialects/sqlite
- name: github.com/jinzhu/inflection
  version: 04140366298a54a039076d798123ffa108fff46c
- name: github.com/lib/pq
  version: 9eb73efc1fcc404148b56765b0d3f61d9a5ef8ee
  subpackages:
  - hstore
  - oid
- name: github.com/magiconair/properties
  version: c2353362d570a7bfa228149c62842019201cfb71
- name: github.com/mailru/easyjson
  version: 60711f1a8329503b04e1c88535f419d0bb440bff
  subpackages:
  - buffer
  - jlexer
  - jwriter
- name: github.com/mattn/go-sqlite3
  version: c67b489f7e8e10b993944d4ecef084df2db3ec8e
- name: github.com/matttproud/golang_protobuf_extensions
  version: c12348ce28de40eed0136aa2b644d0ee0650e56c
  subpackages:
  - pbutil
- name: github.com/mitchellh/mapstructure
  version: 3536a929edddb9a5b34bd6861dc4a9647cb459fe
- name: github.com/onsi/ginkgo
  version: aec9277ec956b65322f6ecee8196a5ff3a01be5f
  subpackages:
  - config
  - ginkgo
  - internal/codelocation
  - internal/containernode
  - internal/failer
  - internal/leafnodes
  - internal/remote
  - internal/spec
  - internal/spec_iterator
  - internal/specrunner
  - internal/suite
  - internal/testingtproxy
  - internal/writer
  - reporters
  - reporters/stenographer
  - reporters/stenographer/support/go-colorable
  - reporters/stenographer/support/go-isatty
  - types
- name: github.com/onsi/gomega
  version: 7615b9433f86a8bdf29709bf288bc4fd0636a369
  subpackages:
  - format
  - internal/assertion
  - internal/asyncassertion
  - internal/oraclematcher
  - internal/testingtsupport
  - matchers
  - matchers/support/goraph/bipartitegraph
  - matchers/support/goraph/edge
  - matchers/support/goraph/node
  - matchers/support/goraph/util
  - types
- name: github.com/pelletier/go-toml
  version: 81a861c69d25a841d0c4394f0e6f84bc8c5afae0
- name: github.com/pmezard/go-difflib
  version: 792786c7400a136282c1664665ae0a8db921c6c2
  subpackages:
  - difflib
- name: github.com/prometheus/client_golang
  version: 1cafe34db7fdec6022e17e00e1c1ea501022f3e4
  subpackages:
  - prometheus
  - prometheus/internal
  - prometheus/promauto
  - prometheus/promhttp
- name: github.com/prometheus/client_model
  version: 5c3871d89910bfb32f5fcab2aa4b9ec68e65a99f
  subpackages:
  - go
- name: github.com/prometheus/common
  version: bcb74de08d37a417cb6789eec1d6c810040f0470
  subpackages:
  - expfmt
  - internal/bitbucket.org/ww/goautoneg
  - model
- name: github.com/prometheus/procfs
  version: 185b4288413d2a0dd0806f78c90dde719829e5ae
  subpackages:
  - internal/util
  - nfs
  - xfs
- name: github.com/PuerkitoBio/purell
  version: 975f53781597ed779763b7b65566e74c4004d8de
- name: github.com/PuerkitoBio/urlesc
  version: de5bf2ad457846296e2031421a34e2568e304e35
- name: github.com/satori/go.uuid
  version: 8ccf5352a842c034b1a69f28c863aff9b1cdb116
- name: github.com/spf13/afero
  version: d40851caa0d747393da1ffb28f7f9d8b4eeffebd
  subpackages:
  - mem
- name: github.com/spf13/cast
  version: 8965335b8c7107321228e3e3702cab9832751bac
- name: github.com/spf13/cobra
  version: a1f051bc3eba734da4772d60e2d677f47cf93ef4
  subpackages:
  - cobra
- name: github.com/spf13/jwalterweatherman
  version: 103a6da826d08544f49833dabd4f1cdf8a1038bb
- name: github.com/spf13/pflag
  version: 298182f68c66c05229eb03ac171abe6e309ee79a
- name: github.com/spf13/viper
  version: 62edee319679b6ceaec16de03b966102d2dea709
- name: github.com/stretchr/objx
  version: ef50b0de28773081167c97fc27cf29a0bf8b8c71
- name: github.com/stretchr/testify
  version: 04af85275a5c7ac09d16bb3b9b2e751ed45154e5
  subpackages:
  - assert
  - mock
- name: github.com/xeipuuv/gojsonpointer
  version: 4e3ac2762d5f479393488629ee9370b50873b3a6
- name: github.com/xeipuuv/gojsonreference
  version: bd5ef7bd5415a7ac448318e64f11a24cd21e594b
- name: github.com/xeipuuv/gojsonschema
  version: f3a9dae5b19473510a3062802a98815f609ed747
- name: golang.org/x/net
  version: 49bb7cea24b1df9410e1712aa6433dae904ff66a
  subpackages:
  - context
  - html
  - html/atom
  - html/charset
  - http/httpguts
  - http2
  - http2/hpack
  - idna
  - internal/timeseries
  - trace
- name: golang.org/x/sys
  version: fa43e7bc11baaae89f3f902b2b4d832b68234844
  subpackages:
  - unix
- name: golang.org/x/text
  version: 4d1c5fb19474adfe9562c9847ba425e7da817e81
  subpackages:
  - encoding
  - encoding/charmap
  - encoding/htmlindex
  - encoding/internal
  - encoding/internal/identifier
  - encoding/japanese
  - encoding/korean
  - encoding/simplifiedchinese
  - encoding/traditionalchinese
  - encoding/unicode
  - internal/language
  - internal/language/compact
  - internal/tag
  - internal/utf8internal
  - language
  - runes
  - secure/bidirule
  - transform
  - unicode/bidi
  - unicode/norm
  - width
- name: google.golang.org/genproto
  version: 94acd270e44e65579b9ee3cdab25034d33fed608
  subpackages:
  - googleapis/api/annotations
  - googleapis/rpc/status
- name: google.golang.org/grpc
  version: 23d111fa0dab0e9b31490819a23c2ef227f4b3dc
  subpackages:
  - balancer
  - balancer/base
  - balancer/roundrobin
  - codes
  - connectivity
  - credentials
  - encoding
  - encoding/proto
  - grpclog
  - internal
  - internal/backoff
  - internal/channelz
  - internal/envconfig
  - internal/grpcrand
  - internal/transport
  - keepalive
  - metadata
  - naming
  - peer
  - reflection
  - reflection/grpc_reflection_v1alpha
  - resolver
  - resolver/dns
  - resolver/passthrough
  - stats
  - status
  - tap
- name: gopkg.in/evanphx/json-patch.v3
  version: afac545df32f2287a079e2dfb7ba2745a643747e
- name: gopkg.in/fsnotify/fsnotify.v1
  version: c2828203cd70a50dcccfb2761f8b1f8ceef9a8e9
- name: gopkg.in/tomb.v1
  version: c131134a1947e9afd9cecfe11f4c6dff0732ae58
- name: gopkg.in/yaml.v2
  version: 5420a8b6744d3b0345ab293f6fcba19c978f1183
testImports: []
